
Microsoft Visual Studio Solution File, Format Version 12.00
Project("{FAE04EC0-301F-11D3-BF4B-00C04F79EFBC}") = "Romd.Domain", "src\Romd.Domain\Romd.Domain.csproj", "{37F16D90-086A-4B26-8A29-01BDFDA9807E}"
EndProject
Project("{FAE04EC0-301F-11D3-BF4B-00C04F79EFBC}") = "Romd.Dat.Parsing", "src\Romd.Dat.Parsing\Romd.Dat.Parsing.csproj", "{A1500001-1111-4111-8111-111111111111}"
EndProject
Project("{FAE04EC0-301F-11D3-BF4B-00C04F79EFBC}") = "Romd.Infrastructure", "src\Romd.Infrastructure\Romd.Infrastructure.csproj", "{2CC39BC8-EC47-4AF9-80B5-FBE1FCC1764A}"
EndProject
Project("{FAE04EC0-301F-11D3-BF4B-00C04F79EFBC}") = "Romd.Persistence", "src\Romd.Persistence\Romd.Persistence.csproj", "{B0317AE8-564C-4181-B933-1295C35665BF}"
EndProject
Project("{FAE04EC0-301F-11D3-BF4B-00C04F79EFBC}") = "Romd.Domain.Tests", "tests\Romd.Domain.Tests\Romd.Domain.Tests.csproj", "{5BA530EE-5550-42E8-A5C6-14448BC6C3C1}"
EndProject
Project("{FAE04EC0-301F-11D3-BF4B-00C04F79EFBC}") = "Romd.Application.Tests", "tests\Romd.Application.Tests\Romd.Application.Tests.csproj", "{9FF8153E-D9EE-49E1-8363-6FBF67B2418E}"
EndProject
Project("{FAE04EC0-301F-11D3-BF4B-00C04F79EFBC}") = "Romd.Infrastructure.Tests", "tests\Romd.Infrastructure.Tests\Romd.Infrastructure.Tests.csproj", "{521156F7-89FF-4B14-BE91-C47F6E08F2BD}"
EndProject
Project("{FAE04EC0-301F-11D3-BF4B-00C04F79EFBC}") = "Romd.Dat.Parsing.Tests", "tests\Romd.Dat.Parsing.Tests\Romd.Dat.Parsing.Tests.csproj", "{A1500002-2222-4222-8222-222222222222}"
EndProject
Project("{FAE04EC0-301F-11D3-BF4B-00C04F79EFBC}") = "Romd.Hosting.IntegrationTests", "tests\Romd.Hosting.IntegrationTests\Romd.Hosting.IntegrationTests.csproj", "{85FD9666-9890-4B4E-B79E-CC8F3C9EF76B}"
EndProject
Project("{FAE04EC0-301F-11D3-BF4B-00C04F79EFBC}") = "Romd.PostgreSql.TestSupport", "tests\Romd.PostgreSql.TestSupport\Romd.PostgreSql.TestSupport.csproj", "{7A3C1F52-0B6E-4D8A-9C21-5E4F6A7B8C9D}"
EndProject
Project("{2150E333-8FDC-42A3-9474-1A3956D46DE8}") = "Tests", "Tests", "{EC649D9B-88BD-4C63-8B71-BA284408F315}"
EndProject
Project("{FAE04EC0-301F-11D3-BF4B-00C04F79EFBC}") = "Romd.Storage", "src\Romd.Storage\Romd.Storage.csproj", "{D2D9F352-C175-4CB0-97FC-ACC4CCF0218B}"
EndProject
Project("{FAE04EC0-301F-11D3-BF4B-00C04F79EFBC}") = "Romd.Storage.Tests", "tests\Romd.Storage.Tests\Romd.Storage.Tests.csproj", "{6A8BB049-AE6F-4510-9C93-D8451672F90E}"
EndProject
Project("{FAE04EC0-301F-11D3-BF4B-00C04F79EFBC}") = "Romd.Contracts.Common", "src\Romd.Contracts.Common\Romd.Contracts.Common.csproj", "{EE444373-EC7A-45E3-93E9-4111CA145B3D}"
EndProject
Project("{FAE04EC0-301F-11D3-BF4B-00C04F79EFBC}") = "Romd.Contracts.Management", "src\Romd.Contracts.Management\Romd.Contracts.Management.csproj", "{B57839ED-6ADB-4ED7-BBD5-BFB4AEC0A4FF}"
EndProject
Project("{FAE04EC0-301F-11D3-BF4B-00C04F79EFBC}") = "Romd.Contracts.Consumer", "src\Romd.Contracts.Consumer\Romd.Contracts.Consumer.csproj", "{D5DE125A-445C-48E1-A7E3-B25D473049E8}"
EndProject
Project("{FAE04EC0-301F-11D3-BF4B-00C04F79EFBC}") = "Romd.Hosting", "src\Romd.Hosting\Romd.Hosting.csproj", "{D8E53485-1F30-4036-AB7A-8F69D3D378AA}"
EndProject
Project("{FAE04EC0-301F-11D3-BF4B-00C04F79EFBC}") = "Romd.Admin.Host", "src\Romd.Admin.Host\Romd.Admin.Host.csproj", "{253A6DDC-8248-4027-A40F-295F05D66D68}"
EndProject
Project("{FAE04EC0-301F-11D3-BF4B-00C04F79EFBC}") = "Romd.Consumer.Host", "src\Romd.Consumer.Host\Romd.Consumer.Host.csproj", "{1E3DCED1-E2CE-409D-AB11-0AD5A0505991}"
EndProject
Project("{FAE04EC0-301F-11D3-BF4B-00C04F79EFBC}") = "Romd.Application.Common", "src\Romd.Application.Common\Romd.Application.Common.csproj", "{23AEC8AD-D702-4CFF-9EA7-614109DBEC6D}"
EndProject
Project("{FAE04EC0-301F-11D3-BF4B-00C04F79EFBC}") = "Romd.Consumer.Application", "src\Romd.Consumer.Application\Romd.Consumer.Application.csproj", "{03509E74-AE24-4CD7-B8FF-31B5A8AF0D93}"
EndProject
Project("{FAE04EC0-301F-11D3-BF4B-00C04F79EFBC}") = "Romd.Admin.Application", "src\Romd.Admin.Application\Romd.Admin.Application.csproj", "{0C586724-AB55-4A0F-9B40-8EDF5D20F6DB}"
EndProject
Project("{FAE04EC0-301F-11D3-BF4B-00C04F79EFBC}") = "Romd.Worker.Host", "src\Romd.Worker.Host\Romd.Worker.Host.csproj", "{995A98D8-9235-40FE-944A-7B9EBD4D6B3C}"
EndProject
Project("{2150E333-8FDC-42A3-9474-1A3956D46DE8}") = "Benchmarks", "Benchmarks", "{5A2C4F09-4C4A-4E86-9E5C-1D4B62A0C398}"
EndProject
Project("{FAE04EC0-301F-11D3-BF4B-00C04F79EFBC}") = "Romd.ScaleHarness", "benchmarks\Romd.ScaleHarness\Romd.ScaleHarness.csproj", "{D7231ECF-4DB2-4F06-A054-B94A8F79A262}"
EndProject
Project("{2150E333-8FDC-42A3-9474-1A3956D46DE8}") = "Dat", "Dat", "{004E4165-2891-473F-9B7F-A8FB7C416466}"
EndProject
Project("{2150E333-8FDC-42A3-9474-1A3956D46DE8}") = "tools", "tools", "{07C2787E-EAC7-C090-1BA3-A61EC2A24D84}"
EndProject
Project("{FAE04EC0-301F-11D3-BF4B-00C04F79EFBC}") = "Romd.ReferenceData.Generators", "tools\Romd.ReferenceData.Generators\Romd.ReferenceData.Generators.csproj", "{FFBECB23-804E-454F-8FF7-8BBCF318AD9D}"
EndProject
Project("{FAE04EC0-301F-11D3-BF4B-00C04F79EFBC}") = "Romd.ReferenceData.Tool", "tools\Romd.ReferenceData.Tool\Romd.ReferenceData.Tool.csproj", "{50C6727B-997A-4D3C-BE7B-20C22CC08761}"
EndProject
Global
	GlobalSection(SolutionConfigurationPlatforms) = preSolution
		Debug|Any CPU = Debug|Any CPU
		Debug|x64 = Debug|x64
		Debug|x86 = Debug|x86
		Release|Any CPU = Release|Any CPU
		Release|x64 = Release|x64
		Release|x86 = Release|x86
	EndGlobalSection
	GlobalSection(ProjectConfigurationPlatforms) = postSolution
		{37F16D90-086A-4B26-8A29-01BDFDA9807E}.Debug|Any CPU.ActiveCfg = Debug|Any CPU
		{37F16D90-086A-4B26-8A29-01BDFDA9807E}.Debug|Any CPU.Build.0 = Debug|Any CPU
		{37F16D90-086A-4B26-8A29-01BDFDA9807E}.Debug|x64.ActiveCfg = Debug|Any CPU
		{37F16D90-086A-4B26-8A29-01BDFDA9807E}.Debug|x64.Build.0 = Debug|Any CPU
		{37F16D90-086A-4B26-8A29-01BDFDA9807E}.Debug|x86.ActiveCfg = Debug|Any CPU
		{37F16D90-086A-4B26-8A29-01BDFDA9807E}.Debug|x86.Build.0 = Debug|Any CPU
		{37F16D90-086A-4B26-8A29-01BDFDA9807E}.Release|Any CPU.ActiveCfg = Release|Any CPU
		{37F16D90-086A-4B26-8A29-01BDFDA9807E}.Release|Any CPU.Build.0 = Release|Any CPU
		{37F16D90-086A-4B26-8A29-01BDFDA9807E}.Release|x64.ActiveCfg = Release|Any CPU
		{37F16D90-086A-4B26-8A29-01BDFDA9807E}.Release|x64.Build.0 = Release|Any CPU
		{37F16D90-086A-4B26-8A29-01BDFDA9807E}.Release|x86.ActiveCfg = Release|Any CPU
		{37F16D90-086A-4B26-8A29-01BDFDA9807E}.Release|x86.Build.0 = Release|Any CPU
		{A1500001-1111-4111-8111-111111111111}.Debug|Any CPU.ActiveCfg = Debug|Any CPU
		{A1500001-1111-4111-8111-111111111111}.Debug|Any CPU.Build.0 = Debug|Any CPU
		{A1500001-1111-4111-8111-111111111111}.Debug|x64.ActiveCfg = Debug|Any CPU
		{A1500001-1111-4111-8111-111111111111}.Debug|x64.Build.0 = Debug|Any CPU
		{A1500001-1111-4111-8111-111111111111}.Debug|x86.ActiveCfg = Debug|Any CPU
		{A1500001-1111-4111-8111-111111111111}.Debug|x86.Build.0 = Debug|Any CPU
		{A1500001-1111-4111-8111-111111111111}.Release|Any CPU.ActiveCfg = Release|Any CPU
		{A1500001-1111-4111-8111-111111111111}.Release|Any CPU.Build.0 = Release|Any CPU
		{A1500001-1111-4111-8111-111111111111}.Release|x64.ActiveCfg = Release|Any CPU
		{A1500001-1111-4111-8111-111111111111}.Release|x64.Build.0 = Release|Any CPU
		{A1500001-1111-4111-8111-111111111111}.Release|x86.ActiveCfg = Release|Any CPU
		{A1500001-1111-4111-8111-111111111111}.Release|x86.Build.0 = Release|Any CPU
		{2CC39BC8-EC47-4AF9-80B5-FBE1FCC1764A}.Debug|Any CPU.ActiveCfg = Debug|Any CPU
		{2CC39BC8-EC47-4AF9-80B5-FBE1FCC1764A}.Debug|Any CPU.Build.0 = Debug|Any CPU
		{2CC39BC8-EC47-4AF9-80B5-FBE1FCC1764A}.Debug|x64.ActiveCfg = Debug|Any CPU
		{2CC39BC8-EC47-4AF9-80B5-FBE1FCC1764A}.Debug|x64.Build.0 = Debug|Any CPU
		{2CC39BC8-EC47-4AF9-80B5-FBE1FCC1764A}.Debug|x86.ActiveCfg = Debug|Any CPU
		{2CC39BC8-EC47-4AF9-80B5-FBE1FCC1764A}.Debug|x86.Build.0 = Debug|Any CPU
		{2CC39BC8-EC47-4AF9-80B5-FBE1FCC1764A}.Release|Any CPU.ActiveCfg = Release|Any CPU
		{2CC39BC8-EC47-4AF9-80B5-FBE1FCC1764A}.Release|Any CPU.Build.0 = Release|Any CPU
		{2CC39BC8-EC47-4AF9-80B5-FBE1FCC1764A}.Release|x64.ActiveCfg = Release|Any CPU
		{2CC39BC8-EC47-4AF9-80B5-FBE1FCC1764A}.Release|x64.Build.0 = Release|Any CPU
		{2CC39BC8-EC47-4AF9-80B5-FBE1FCC1764A}.Release|x86.ActiveCfg = Release|Any CPU
		{2CC39BC8-EC47-4AF9-80B5-FBE1FCC1764A}.Release|x86.Build.0 = Release|Any CPU
		{B0317AE8-564C-4181-B933-1295C35665BF}.Debug|Any CPU.ActiveCfg = Debug|Any CPU
		{B0317AE8-564C-4181-B933-1295C35665BF}.Debug|Any CPU.Build.0 = Debug|Any CPU
		{B0317AE8-564C-4181-B933-1295C35665BF}.Debug|x64.ActiveCfg = Debug|Any CPU
		{B0317AE8-564C-4181-B933-1295C35665BF}.Debug|x64.Build.0 = Debug|Any CPU
		{B0317AE8-564C-4181-B933-1295C35665BF}.Debug|x86.ActiveCfg = Debug|Any CPU
		{B0317AE8-564C-4181-B933-1295C35665BF}.Debug|x86.Build.0 = Debug|Any CPU
		{B0317AE8-564C-4181-B933-1295C35665BF}.Release|Any CPU.ActiveCfg = Release|Any CPU
		{B0317AE8-564C-4181-B933-1295C35665BF}.Release|Any CPU.Build.0 = Release|Any CPU
		{B0317AE8-564C-4181-B933-1295C35665BF}.Release|x64.ActiveCfg = Release|Any CPU
		{B0317AE8-564C-4181-B933-1295C35665BF}.Release|x64.Build.0 = Release|Any CPU
		{B0317AE8-564C-4181-B933-1295C35665BF}.Release|x86.ActiveCfg = Release|Any CPU
		{B0317AE8-564C-4181-B933-1295C35665BF}.Release|x86.Build.0 = Release|Any CPU
		{5BA530EE-5550-42E8-A5C6-14448BC6C3C1}.Debug|Any CPU.ActiveCfg = Debug|Any CPU
		{5BA530EE-5550-42E8-A5C6-14448BC6C3C1}.Debug|Any CPU.Build.0 = Debug|Any CPU
		{5BA530EE-5550-42E8-A5C6-14448BC6C3C1}.Debug|x64.ActiveCfg = Debug|Any CPU
		{5BA530EE-5550-42E8-A5C6-14448BC6C3C1}.Debug|x64.Build.0 = Debug|Any CPU
		{5BA530EE-5550-42E8-A5C6-14448BC6C3C1}.Debug|x86.ActiveCfg = Debug|Any CPU
		{5BA530EE-5550-42E8-A5C6-14448BC6C3C1}.Debug|x86.Build.0 = Debug|Any CPU
		{5BA530EE-5550-42E8-A5C6-14448BC6C3C1}.Release|Any CPU.ActiveCfg = Release|Any CPU
		{5BA530EE-5550-42E8-A5C6-14448BC6C3C1}.Release|Any CPU.Build.0 = Release|Any CPU
		{5BA530EE-5550-42E8-A5C6-14448BC6C3C1}.Release|x64.ActiveCfg = Release|Any CPU
		{5BA530EE-5550-42E8-A5C6-14448BC6C3C1}.Release|x64.Build.0 = Release|Any CPU
		{5BA530EE-5550-42E8-A5C6-14448BC6C3C1}.Release|x86.ActiveCfg = Release|Any CPU
		{5BA530EE-5550-42E8-A5C6-14448BC6C3C1}.Release|x86.Build.0 = Release|Any CPU
		{9FF8153E-D9EE-49E1-8363-6FBF67B2418E}.Debug|Any CPU.ActiveCfg = Debug|Any CPU
		{9FF8153E-D9EE-49E1-8363-6FBF67B2418E}.Debug|Any CPU.Build.0 = Debug|Any CPU
		{9FF8153E-D9EE-49E1-8363-6FBF67B2418E}.Debug|x64.ActiveCfg = Debug|Any CPU
		{9FF8153E-D9EE-49E1-8363-6FBF67B2418E}.Debug|x64.Build.0 = Debug|Any CPU
		{9FF8153E-D9EE-49E1-8363-6FBF67B2418E}.Debug|x86.ActiveCfg = Debug|Any CPU
		{9FF8153E-D9EE-49E1-8363-6FBF67B2418E}.Debug|x86.Build.0 = Debug|Any CPU
		{9FF8153E-D9EE-49E1-8363-6FBF67B2418E}.Release|Any CPU.ActiveCfg = Release|Any CPU
		{9FF8153E-D9EE-49E1-8363-6FBF67B2418E}.Release|Any CPU.Build.0 = Release|Any CPU
		{9FF8153E-D9EE-49E1-8363-6FBF67B2418E}.Release|x64.ActiveCfg = Release|Any CPU
		{9FF8153E-D9EE-49E1-8363-6FBF67B2418E}.Release|x64.Build.0 = Release|Any CPU
		{9FF8153E-D9EE-49E1-8363-6FBF67B2418E}.Release|x86.ActiveCfg = Release|Any CPU
		{9FF8153E-D9EE-49E1-8363-6FBF67B2418E}.Release|x86.Build.0 = Release|Any CPU
		{521156F7-89FF-4B14-BE91-C47F6E08F2BD}.Debug|Any CPU.ActiveCfg = Debug|Any CPU
		{521156F7-89FF-4B14-BE91-C47F6E08F2BD}.Debug|Any CPU.Build.0 = Debug|Any CPU
		{521156F7-89FF-4B14-BE91-C47F6E08F2BD}.Debug|x64.ActiveCfg = Debug|Any CPU
		{521156F7-89FF-4B14-BE91-C47F6E08F2BD}.Debug|x64.Build.0 = Debug|Any CPU
		{521156F7-89FF-4B14-BE91-C47F6E08F2BD}.Debug|x86.ActiveCfg = Debug|Any CPU
		{521156F7-89FF-4B14-BE91-C47F6E08F2BD}.Debug|x86.Build.0 = Debug|Any CPU
		{521156F7-89FF-4B14-BE91-C47F6E08F2BD}.Release|Any CPU.ActiveCfg = Release|Any CPU
		{521156F7-89FF-4B14-BE91-C47F6E08F2BD}.Release|Any CPU.Build.0 = Release|Any CPU
		{521156F7-89FF-4B14-BE91-C47F6E08F2BD}.Release|x64.ActiveCfg = Release|Any CPU
		{521156F7-89FF-4B14-BE91-C47F6E08F2BD}.Release|x64.Build.0 = Release|Any CPU
		{521156F7-89FF-4B14-BE91-C47F6E08F2BD}.Release|x86.ActiveCfg = Release|Any CPU
		{521156F7-89FF-4B14-BE91-C47F6E08F2BD}.Release|x86.Build.0 = Release|Any CPU
		{A1500002-2222-4222-8222-222222222222}.Debug|Any CPU.ActiveCfg = Debug|Any CPU
		{A1500002-2222-4222-8222-222222222222}.Debug|Any CPU.Build.0 = Debug|Any CPU
		{A1500002-2222-4222-8222-222222222222}.Debug|x64.ActiveCfg = Debug|Any CPU
		{A1500002-2222-4222-8222-222222222222}.Debug|x64.Build.0 = Debug|Any CPU
		{A1500002-2222-4222-8222-222222222222}.Debug|x86.ActiveCfg = Debug|Any CPU
		{A1500002-2222-4222-8222-222222222222}.Debug|x86.Build.0 = Debug|Any CPU
		{A1500002-2222-4222-8222-222222222222}.Release|Any CPU.ActiveCfg = Release|Any CPU
		{A1500002-2222-4222-8222-222222222222}.Release|Any CPU.Build.0 = Release|Any CPU
		{A1500002-2222-4222-8222-222222222222}.Release|x64.ActiveCfg = Release|Any CPU
		{A1500002-2222-4222-8222-222222222222}.Release|x64.Build.0 = Release|Any CPU
		{A1500002-2222-4222-8222-222222222222}.Release|x86.ActiveCfg = Release|Any CPU
		{A1500002-2222-4222-8222-222222222222}.Release|x86.Build.0 = Release|Any CPU
		{85FD9666-9890-4B4E-B79E-CC8F3C9EF76B}.Debug|Any CPU.ActiveCfg = Debug|Any CPU
		{85FD9666-9890-4B4E-B79E-CC8F3C9EF76B}.Debug|Any CPU.Build.0 = Debug|Any CPU
		{85FD9666-9890-4B4E-B79E-CC8F3C9EF76B}.Debug|x64.ActiveCfg = Debug|Any CPU
		{85FD9666-9890-4B4E-B79E-CC8F3C9EF76B}.Debug|x64.Build.0 = Debug|Any CPU
		{85FD9666-9890-4B4E-B79E-CC8F3C9EF76B}.Debug|x86.ActiveCfg = Debug|Any CPU
		{85FD9666-9890-4B4E-B79E-CC8F3C9EF76B}.Debug|x86.Build.0 = Debug|Any CPU
		{85FD9666-9890-4B4E-B79E-CC8F3C9EF76B}.Release|Any CPU.ActiveCfg = Release|Any CPU
		{85FD9666-9890-4B4E-B79E-CC8F3C9EF76B}.Release|Any CPU.Build.0 = Release|Any CPU
		{85FD9666-9890-4B4E-B79E-CC8F3C9EF76B}.Release|x64.ActiveCfg = Release|Any CPU
		{85FD9666-9890-4B4E-B79E-CC8F3C9EF76B}.Release|x64.Build.0 = Release|Any CPU
		{85FD9666-9890-4B4E-B79E-CC8F3C9EF76B}.Release|x86.ActiveCfg = Release|Any CPU
		{85FD9666-9890-4B4E-B79E-CC8F3C9EF76B}.Release|x86.Build.0 = Release|Any CPU
		{7A3C1F52-0B6E-4D8A-9C21-5E4F6A7B8C9D}.Debug|Any CPU.ActiveCfg = Debug|Any CPU
		{7A3C1F52-0B6E-4D8A-9C21-5E4F6A7B8C9D}.Debug|Any CPU.Build.0 = Debug|Any CPU
		{7A3C1F52-0B6E-4D8A-9C21-5E4F6A7B8C9D}.Debug|x64.ActiveCfg = Debug|Any CPU
		{7A3C1F52-0B6E-4D8A-9C21-5E4F6A7B8C9D}.Debug|x64.Build.0 = Debug|Any CPU
		{7A3C1F52-0B6E-4D8A-9C21-5E4F6A7B8C9D}.Debug|x86.ActiveCfg = Debug|Any CPU
		{7A3C1F52-0B6E-4D8A-9C21-5E4F6A7B8C9D}.Debug|x86.Build.0 = Debug|Any CPU
		{7A3C1F52-0B6E-4D8A-9C21-5E4F6A7B8C9D}.Release|Any CPU.ActiveCfg = Release|Any CPU
		{7A3C1F52-0B6E-4D8A-9C21-5E4F6A7B8C9D}.Release|Any CPU.Build.0 = Release|Any CPU
		{7A3C1F52-0B6E-4D8A-9C21-5E4F6A7B8C9D}.Release|x64.ActiveCfg = Release|Any CPU
		{7A3C1F52-0B6E-4D8A-9C21-5E4F6A7B8C9D}.Release|x64.Build.0 = Release|Any CPU
		{7A3C1F52-0B6E-4D8A-9C21-5E4F6A7B8C9D}.Release|x86.ActiveCfg = Release|Any CPU
		{7A3C1F52-0B6E-4D8A-9C21-5E4F6A7B8C9D}.Release|x86.Build.0 = Release|Any CPU
		{D2D9F352-C175-4CB0-97FC-ACC4CCF0218B}.Debug|Any CPU.ActiveCfg = Debug|Any CPU
		{D2D9F352-C175-4CB0-97FC-ACC4CCF0218B}.Debug|Any CPU.Build.0 = Debug|Any CPU
		{D2D9F352-C175-4CB0-97FC-ACC4CCF0218B}.Debug|x64.ActiveCfg = Debug|Any CPU
		{D2D9F352-C175-4CB0-97FC-ACC4CCF0218B}.Debug|x64.Build.0 = Debug|Any CPU
		{D2D9F352-C175-4CB0-97FC-ACC4CCF0218B}.Debug|x86.ActiveCfg = Debug|Any CPU
		{D2D9F352-C175-4CB0-97FC-ACC4CCF0218B}.Debug|x86.Build.0 = Debug|Any CPU
		{D2D9F352-C175-4CB0-97FC-ACC4CCF0218B}.Release|Any CPU.ActiveCfg = Release|Any CPU
		{D2D9F352-C175-4CB0-97FC-ACC4CCF0218B}.Release|Any CPU.Build.0 = Release|Any CPU
		{D2D9F352-C175-4CB0-97FC-ACC4CCF0218B}.Release|x64.ActiveCfg = Release|Any CPU
		{D2D9F352-C175-4CB0-97FC-ACC4CCF0218B}.Release|x64.Build.0 = Release|Any CPU
		{D2D9F352-C175-4CB0-97FC-ACC4CCF0218B}.Release|x86.ActiveCfg = Release|Any CPU
		{D2D9F352-C175-4CB0-97FC-ACC4CCF0218B}.Release|x86.Build.0 = Release|Any CPU
		{6A8BB049-AE6F-4510-9C93-D8451672F90E}.Debug|Any CPU.ActiveCfg = Debug|Any CPU
		{6A8BB049-AE6F-4510-9C93-D8451672F90E}.Debug|Any CPU.Build.0 = Debug|Any CPU
		{6A8BB049-AE6F-4510-9C93-D8451672F90E}.Debug|x64.ActiveCfg = Debug|Any CPU
		{6A8BB049-AE6F-4510-9C93-D8451672F90E}.Debug|x64.Build.0 = Debug|Any CPU
		{6A8BB049-AE6F-4510-9C93-D8451672F90E}.Debug|x86.ActiveCfg = Debug|Any CPU
		{6A8BB049-AE6F-4510-9C93-D8451672F90E}.Debug|x86.Build.0 = Debug|Any CPU
		{6A8BB049-AE6F-4510-9C93-D8451672F90E}.Release|Any CPU.ActiveCfg = Release|Any CPU
		{6A8BB049-AE6F-4510-9C93-D8451672F90E}.Release|Any CPU.Build.0 = Release|Any CPU
		{6A8BB049-AE6F-4510-9C93-D8451672F90E}.Release|x64.ActiveCfg = Release|Any CPU
		{6A8BB049-AE6F-4510-9C93-D8451672F90E}.Release|x64.Build.0 = Release|Any CPU
		{6A8BB049-AE6F-4510-9C93-D8451672F90E}.Release|x86.ActiveCfg = Release|Any CPU
		{6A8BB049-AE6F-4510-9C93-D8451672F90E}.Release|x86.Build.0 = Release|Any CPU
		{EE444373-EC7A-45E3-93E9-4111CA145B3D}.Debug|Any CPU.ActiveCfg = Debug|Any CPU
		{EE444373-EC7A-45E3-93E9-4111CA145B3D}.Debug|Any CPU.Build.0 = Debug|Any CPU
		{EE444373-EC7A-45E3-93E9-4111CA145B3D}.Debug|x64.ActiveCfg = Debug|Any CPU
		{EE444373-EC7A-45E3-93E9-4111CA145B3D}.Debug|x64.Build.0 = Debug|Any CPU
		{EE444373-EC7A-45E3-93E9-4111CA145B3D}.Debug|x86.ActiveCfg = Debug|Any CPU
		{EE444373-EC7A-45E3-93E9-4111CA145B3D}.Debug|x86.Build.0 = Debug|Any CPU
		{EE444373-EC7A-45E3-93E9-4111CA145B3D}.Release|Any CPU.ActiveCfg = Release|Any CPU
		{EE444373-EC7A-45E3-93E9-4111CA145B3D}.Release|Any CPU.Build.0 = Release|Any CPU
		{EE444373-EC7A-45E3-93E9-4111CA145B3D}.Release|x64.ActiveCfg = Release|Any CPU
		{EE444373-EC7A-45E3-93E9-4111CA145B3D}.Release|x64.Build.0 = Release|Any CPU
		{EE444373-EC7A-45E3-93E9-4111CA145B3D}.Release|x86.ActiveCfg = Release|Any CPU
		{EE444373-EC7A-45E3-93E9-4111CA145B3D}.Release|x86.Build.0 = Release|Any CPU
		{B57839ED-6ADB-4ED7-BBD5-BFB4AEC0A4FF}.Debug|Any CPU.ActiveCfg = Debug|Any CPU
		{B57839ED-6ADB-4ED7-BBD5-BFB4AEC0A4FF}.Debug|Any CPU.Build.0 = Debug|Any CPU
		{B57839ED-6ADB-4ED7-BBD5-BFB4AEC0A4FF}.Debug|x64.ActiveCfg = Debug|Any CPU
		{B57839ED-6ADB-4ED7-BBD5-BFB4AEC0A4FF}.Debug|x64.Build.0 = Debug|Any CPU
		{B57839ED-6ADB-4ED7-BBD5-BFB4AEC0A4FF}.Debug|x86.ActiveCfg = Debug|Any CPU
		{B57839ED-6ADB-4ED7-BBD5-BFB4AEC0A4FF}.Debug|x86.Build.0 = Debug|Any CPU
		{B57839ED-6ADB-4ED7-BBD5-BFB4AEC0A4FF}.Release|Any CPU.ActiveCfg = Release|Any CPU
		{B57839ED-6ADB-4ED7-BBD5-BFB4AEC0A4FF}.Release|Any CPU.Build.0 = Release|Any CPU
		{B57839ED-6ADB-4ED7-BBD5-BFB4AEC0A4FF}.Release|x64.ActiveCfg = Release|Any CPU
		{B57839ED-6ADB-4ED7-BBD5-BFB4AEC0A4FF}.Release|x64.Build.0 = Release|Any CPU
		{B57839ED-6ADB-4ED7-BBD5-BFB4AEC0A4FF}.Release|x86.ActiveCfg = Release|Any CPU
		{B57839ED-6ADB-4ED7-BBD5-BFB4AEC0A4FF}.Release|x86.Build.0 = Release|Any CPU
		{D5DE125A-445C-48E1-A7E3-B25D473049E8}.Debug|Any CPU.ActiveCfg = Debug|Any CPU
		{D5DE125A-445C-48E1-A7E3-B25D473049E8}.Debug|Any CPU.Build.0 = Debug|Any CPU
		{D5DE125A-445C-48E1-A7E3-B25D473049E8}.Debug|x64.ActiveCfg = Debug|Any CPU
		{D5DE125A-445C-48E1-A7E3-B25D473049E8}.Debug|x64.Build.0 = Debug|Any CPU
		{D5DE125A-445C-48E1-A7E3-B25D473049E8}.Debug|x86.ActiveCfg = Debug|Any CPU
		{D5DE125A-445C-48E1-A7E3-B25D473049E8}.Debug|x86.Build.0 = Debug|Any CPU
		{D5DE125A-445C-48E1-A7E3-B25D473049E8}.Release|Any CPU.ActiveCfg = Release|Any CPU
		{D5DE125A-445C-48E1-A7E3-B25D473049E8}.Release|Any CPU.Build.0 = Release|Any CPU
		{D5DE125A-445C-48E1-A7E3-B25D473049E8}.Release|x64.ActiveCfg = Release|Any CPU
		{D5DE125A-445C-48E1-A7E3-B25D473049E8}.Release|x64.Build.0 = Release|Any CPU
		{D5DE125A-445C-48E1-A7E3-B25D473049E8}.Release|x86.ActiveCfg = Release|Any CPU
		{D5DE125A-445C-48E1-A7E3-B25D473049E8}.Release|x86.Build.0 = Release|Any CPU
		{D8E53485-1F30-4036-AB7A-8F69D3D378AA}.Debug|Any CPU.ActiveCfg = Debug|Any CPU
		{D8E53485-1F30-4036-AB7A-8F69D3D378AA}.Debug|Any CPU.Build.0 = Debug|Any CPU
		{D8E53485-1F30-4036-AB7A-8F69D3D378AA}.Debug|x64.ActiveCfg = Debug|Any CPU
		{D8E53485-1F30-4036-AB7A-8F69D3D378AA}.Debug|x64.Build.0 = Debug|Any CPU
		{D8E53485-1F30-4036-AB7A-8F69D3D378AA}.Debug|x86.ActiveCfg = Debug|Any CPU
		{D8E53485-1F30-4036-AB7A-8F69D3D378AA}.Debug|x86.Build.0 = Debug|Any CPU
		{D8E53485-1F30-4036-AB7A-8F69D3D378AA}.Release|Any CPU.ActiveCfg = Release|Any CPU
		{D8E53485-1F30-4036-AB7A-8F69D3D378AA}.Release|Any CPU.Build.0 = Release|Any CPU
		{D8E53485-1F30-4036-AB7A-8F69D3D378AA}.Release|x64.ActiveCfg = Release|Any CPU
		{D8E53485-1F30-4036-AB7A-8F69D3D378AA}.Release|x64.Build.0 = Release|Any CPU
		{D8E53485-1F30-4036-AB7A-8F69D3D378AA}.Release|x86.ActiveCfg = Release|Any CPU
		{D8E53485-1F30-4036-AB7A-8F69D3D378AA}.Release|x86.Build.0 = Release|Any CPU
		{253A6DDC-8248-4027-A40F-295F05D66D68}.Debug|Any CPU.ActiveCfg = Debug|Any CPU
		{253A6DDC-8248-4027-A40F-295F05D66D68}.Debug|Any CPU.Build.0 = Debug|Any CPU
		{253A6DDC-8248-4027-A40F-295F05D66D68}.Debug|x64.ActiveCfg = Debug|Any CPU
		{253A6DDC-8248-4027-A40F-295F05D66D68}.Debug|x64.Build.0 = Debug|Any CPU
		{253A6DDC-8248-4027-A40F-295F05D66D68}.Debug|x86.ActiveCfg = Debug|Any CPU
		{253A6DDC-8248-4027-A40F-295F05D66D68}.Debug|x86.Build.0 = Debug|Any CPU
		{253A6DDC-8248-4027-A40F-295F05D66D68}.Release|Any CPU.ActiveCfg = Release|Any CPU
		{253A6DDC-8248-4027-A40F-295F05D66D68}.Release|Any CPU.Build.0 = Release|Any CPU
		{253A6DDC-8248-4027-A40F-295F05D66D68}.Release|x64.ActiveCfg = Release|Any CPU
		{253A6DDC-8248-4027-A40F-295F05D66D68}.Release|x64.Build.0 = Release|Any CPU
		{253A6DDC-8248-4027-A40F-295F05D66D68}.Release|x86.ActiveCfg = Release|Any CPU
		{253A6DDC-8248-4027-A40F-295F05D66D68}.Release|x86.Build.0 = Release|Any CPU
		{1E3DCED1-E2CE-409D-AB11-0AD5A0505991}.Debug|Any CPU.ActiveCfg = Debug|Any CPU
		{1E3DCED1-E2CE-409D-AB11-0AD5A0505991}.Debug|Any CPU.Build.0 = Debug|Any CPU
		{1E3DCED1-E2CE-409D-AB11-0AD5A0505991}.Debug|x64.ActiveCfg = Debug|Any CPU
		{1E3DCED1-E2CE-409D-AB11-0AD5A0505991}.Debug|x64.Build.0 = Debug|Any CPU
		{1E3DCED1-E2CE-409D-AB11-0AD5A0505991}.Debug|x86.ActiveCfg = Debug|Any CPU
		{1E3DCED1-E2CE-409D-AB11-0AD5A0505991}.Debug|x86.Build.0 = Debug|Any CPU
		{1E3DCED1-E2CE-409D-AB11-0AD5A0505991}.Release|Any CPU.ActiveCfg = Release|Any CPU
		{1E3DCED1-E2CE-409D-AB11-0AD5A0505991}.Release|Any CPU.Build.0 = Release|Any CPU
		{1E3DCED1-E2CE-409D-AB11-0AD5A0505991}.Release|x64.ActiveCfg = Release|Any CPU
		{1E3DCED1-E2CE-409D-AB11-0AD5A0505991}.Release|x64.Build.0 = Release|Any CPU
		{1E3DCED1-E2CE-409D-AB11-0AD5A0505991}.Release|x86.ActiveCfg = Release|Any CPU
		{1E3DCED1-E2CE-409D-AB11-0AD5A0505991}.Release|x86.Build.0 = Release|Any CPU
		{23AEC8AD-D702-4CFF-9EA7-614109DBEC6D}.Debug|Any CPU.ActiveCfg = Debug|Any CPU
		{23AEC8AD-D702-4CFF-9EA7-614109DBEC6D}.Debug|Any CPU.Build.0 = Debug|Any CPU
		{23AEC8AD-D702-4CFF-9EA7-614109DBEC6D}.Debug|x64.ActiveCfg = Debug|Any CPU
		{23AEC8AD-D702-4CFF-9EA7-614109DBEC6D}.Debug|x64.Build.0 = Debug|Any CPU
		{23AEC8AD-D702-4CFF-9EA7-614109DBEC6D}.Debug|x86.ActiveCfg = Debug|Any CPU
		{23AEC8AD-D702-4CFF-9EA7-614109DBEC6D}.Debug|x86.Build.0 = Debug|Any CPU
		{23AEC8AD-D702-4CFF-9EA7-614109DBEC6D}.Release|Any CPU.ActiveCfg = Release|Any CPU
		{23AEC8AD-D702-4CFF-9EA7-614109DBEC6D}.Release|Any CPU.Build.0 = Release|Any CPU
		{23AEC8AD-D702-4CFF-9EA7-614109DBEC6D}.Release|x64.ActiveCfg = Release|Any CPU
		{23AEC8AD-D702-4CFF-9EA7-614109DBEC6D}.Release|x64.Build.0 = Release|Any CPU
		{23AEC8AD-D702-4CFF-9EA7-614109DBEC6D}.Release|x86.ActiveCfg = Release|Any CPU
		{23AEC8AD-D702-4CFF-9EA7-614109DBEC6D}.Release|x86.Build.0 = Release|Any CPU
		{03509E74-AE24-4CD7-B8FF-31B5A8AF0D93}.Debug|Any CPU.ActiveCfg = Debug|Any CPU
		{03509E74-AE24-4CD7-B8FF-31B5A8AF0D93}.Debug|Any CPU.Build.0 = Debug|Any CPU
		{03509E74-AE24-4CD7-B8FF-31B5A8AF0D93}.Debug|x64.ActiveCfg = Debug|Any CPU
		{03509E74-AE24-4CD7-B8FF-31B5A8AF0D93}.Debug|x64.Build.0 = Debug|Any CPU
		{03509E74-AE24-4CD7-B8FF-31B5A8AF0D93}.Debug|x86.ActiveCfg = Debug|Any CPU
		{03509E74-AE24-4CD7-B8FF-31B5A8AF0D93}.Debug|x86.Build.0 = Debug|Any CPU
		{03509E74-AE24-4CD7-B8FF-31B5A8AF0D93}.Release|Any CPU.ActiveCfg = Release|Any CPU
		{03509E74-AE24-4CD7-B8FF-31B5A8AF0D93}.Release|Any CPU.Build.0 = Release|Any CPU
		{03509E74-AE24-4CD7-B8FF-31B5A8AF0D93}.Release|x64.ActiveCfg = Release|Any CPU
		{03509E74-AE24-4CD7-B8FF-31B5A8AF0D93}.Release|x64.Build.0 = Release|Any CPU
		{03509E74-AE24-4CD7-B8FF-31B5A8AF0D93}.Release|x86.ActiveCfg = Release|Any CPU
		{03509E74-AE24-4CD7-B8FF-31B5A8AF0D93}.Release|x86.Build.0 = Release|Any CPU
		{0C586724-AB55-4A0F-9B40-8EDF5D20F6DB}.Debug|Any CPU.ActiveCfg = Debug|Any CPU
		{0C586724-AB55-4A0F-9B40-8EDF5D20F6DB}.Debug|Any CPU.Build.0 = Debug|Any CPU
		{0C586724-AB55-4A0F-9B40-8EDF5D20F6DB}.Debug|x64.ActiveCfg = Debug|Any CPU
		{0C586724-AB55-4A0F-9B40-8EDF5D20F6DB}.Debug|x64.Build.0 = Debug|Any CPU
		{0C586724-AB55-4A0F-9B40-8EDF5D20F6DB}.Debug|x86.ActiveCfg = Debug|Any CPU
		{0C586724-AB55-4A0F-9B40-8EDF5D20F6DB}.Debug|x86.Build.0 = Debug|Any CPU
		{0C586724-AB55-4A0F-9B40-8EDF5D20F6DB}.Release|Any CPU.ActiveCfg = Release|Any CPU
		{0C586724-AB55-4A0F-9B40-8EDF5D20F6DB}.Release|Any CPU.Build.0 = Release|Any CPU
		{0C586724-AB55-4A0F-9B40-8EDF5D20F6DB}.Release|x64.ActiveCfg = Release|Any CPU
		{0C586724-AB55-4A0F-9B40-8EDF5D20F6DB}.Release|x64.Build.0 = Release|Any CPU
		{0C586724-AB55-4A0F-9B40-8EDF5D20F6DB}.Release|x86.ActiveCfg = Release|Any CPU
		{0C586724-AB55-4A0F-9B40-8EDF5D20F6DB}.Release|x86.Build.0 = Release|Any CPU
		{995A98D8-9235-40FE-944A-7B9EBD4D6B3C}.Debug|Any CPU.ActiveCfg = Debug|Any CPU
		{995A98D8-9235-40FE-944A-7B9EBD4D6B3C}.Debug|Any CPU.Build.0 = Debug|Any CPU
		{995A98D8-9235-40FE-944A-7B9EBD4D6B3C}.Debug|x64.ActiveCfg = Debug|Any CPU
		{995A98D8-9235-40FE-944A-7B9EBD4D6B3C}.Debug|x64.Build.0 = Debug|Any CPU
		{995A98D8-9235-40FE-944A-7B9EBD4D6B3C}.Debug|x86.ActiveCfg = Debug|Any CPU
		{995A98D8-9235-40FE-944A-7B9EBD4D6B3C}.Debug|x86.Build.0 = Debug|Any CPU
		{995A98D8-9235-40FE-944A-7B9EBD4D6B3C}.Release|Any CPU.ActiveCfg = Release|Any CPU
		{995A98D8-9235-40FE-944A-7B9EBD4D6B3C}.Release|Any CPU.Build.0 = Release|Any CPU
		{995A98D8-9235-40FE-944A-7B9EBD4D6B3C}.Release|x64.ActiveCfg = Release|Any CPU
		{995A98D8-9235-40FE-944A-7B9EBD4D6B3C}.Release|x64.Build.0 = Release|Any CPU
		{995A98D8-9235-40FE-944A-7B9EBD4D6B3C}.Release|x86.ActiveCfg = Release|Any CPU
		{995A98D8-9235-40FE-944A-7B9EBD4D6B3C}.Release|x86.Build.0 = Release|Any CPU
		{D7231ECF-4DB2-4F06-A054-B94A8F79A262}.Debug|Any CPU.ActiveCfg = Debug|Any CPU
		{D7231ECF-4DB2-4F06-A054-B94A8F79A262}.Debug|Any CPU.Build.0 = Debug|Any CPU
		{D7231ECF-4DB2-4F06-A054-B94A8F79A262}.Debug|x64.ActiveCfg = Debug|Any CPU
		{D7231ECF-4DB2-4F06-A054-B94A8F79A262}.Debug|x64.Build.0 = Debug|Any CPU
		{D7231ECF-4DB2-4F06-A054-B94A8F79A262}.Debug|x86.ActiveCfg = Debug|Any CPU
		{D7231ECF-4DB2-4F06-A054-B94A8F79A262}.Debug|x86.Build.0 = Debug|Any CPU
		{D7231ECF-4DB2-4F06-A054-B94A8F79A262}.Release|Any CPU.ActiveCfg = Release|Any CPU
		{D7231ECF-4DB2-4F06-A054-B94A8F79A262}.Release|Any CPU.Build.0 = Release|Any CPU
		{D7231ECF-4DB2-4F06-A054-B94A8F79A262}.Release|x64.ActiveCfg = Release|Any CPU
		{D7231ECF-4DB2-4F06-A054-B94A8F79A262}.Release|x64.Build.0 = Release|Any CPU
		{D7231ECF-4DB2-4F06-A054-B94A8F79A262}.Release|x86.ActiveCfg = Release|Any CPU
		{D7231ECF-4DB2-4F06-A054-B94A8F79A262}.Release|x86.Build.0 = Release|Any CPU
		{FFBECB23-804E-454F-8FF7-8BBCF318AD9D}.Debug|Any CPU.ActiveCfg = Debug|Any CPU
		{FFBECB23-804E-454F-8FF7-8BBCF318AD9D}.Debug|Any CPU.Build.0 = Debug|Any CPU
		{FFBECB23-804E-454F-8FF7-8BBCF318AD9D}.Debug|x64.ActiveCfg = Debug|Any CPU
		{FFBECB23-804E-454F-8FF7-8BBCF318AD9D}.Debug|x64.Build.0 = Debug|Any CPU
		{FFBECB23-804E-454F-8FF7-8BBCF318AD9D}.Debug|x86.ActiveCfg = Debug|Any CPU
		{FFBECB23-804E-454F-8FF7-8BBCF318AD9D}.Debug|x86.Build.0 = Debug|Any CPU
		{FFBECB23-804E-454F-8FF7-8BBCF318AD9D}.Release|Any CPU.ActiveCfg = Release|Any CPU
		{FFBECB23-804E-454F-8FF7-8BBCF318AD9D}.Release|Any CPU.Build.0 = Release|Any CPU
		{FFBECB23-804E-454F-8FF7-8BBCF318AD9D}.Release|x64.ActiveCfg = Release|Any CPU
		{FFBECB23-804E-454F-8FF7-8BBCF318AD9D}.Release|x64.Build.0 = Release|Any CPU
		{FFBECB23-804E-454F-8FF7-8BBCF318AD9D}.Release|x86.ActiveCfg = Release|Any CPU
		{FFBECB23-804E-454F-8FF7-8BBCF318AD9D}.Release|x86.Build.0 = Release|Any CPU
		{50C6727B-997A-4D3C-BE7B-20C22CC08761}.Debug|Any CPU.ActiveCfg = Debug|Any CPU
		{50C6727B-997A-4D3C-BE7B-20C22CC08761}.Debug|Any CPU.Build.0 = Debug|Any CPU
		{50C6727B-997A-4D3C-BE7B-20C22CC08761}.Debug|x64.ActiveCfg = Debug|Any CPU
		{50C6727B-997A-4D3C-BE7B-20C22CC08761}.Debug|x64.Build.0 = Debug|Any CPU
		{50C6727B-997A-4D3C-BE7B-20C22CC08761}.Debug|x86.ActiveCfg = Debug|Any CPU
		{50C6727B-997A-4D3C-BE7B-20C22CC08761}.Debug|x86.Build.0 = Debug|Any CPU
		{50C6727B-997A-4D3C-BE7B-20C22CC08761}.Release|Any CPU.ActiveCfg = Release|Any CPU
		{50C6727B-997A-4D3C-BE7B-20C22CC08761}.Release|Any CPU.Build.0 = Release|Any CPU
		{50C6727B-997A-4D3C-BE7B-20C22CC08761}.Release|x64.ActiveCfg = Release|Any CPU
		{50C6727B-997A-4D3C-BE7B-20C22CC08761}.Release|x64.Build.0 = Release|Any CPU
		{50C6727B-997A-4D3C-BE7B-20C22CC08761}.Release|x86.ActiveCfg = Release|Any CPU
		{50C6727B-997A-4D3C-BE7B-20C22CC08761}.Release|x86.Build.0 = Release|Any CPU
	EndGlobalSection
	GlobalSection(SolutionProperties) = preSolution
		HideSolutionNode = FALSE
	EndGlobalSection
	GlobalSection(NestedProjects) = preSolution
		{A1500001-1111-4111-8111-111111111111} = {004E4165-2891-473F-9B7F-A8FB7C416466}
		{5BA530EE-5550-42E8-A5C6-14448BC6C3C1} = {EC649D9B-88BD-4C63-8B71-BA284408F315}
		{9FF8153E-D9EE-49E1-8363-6FBF67B2418E} = {EC649D9B-88BD-4C63-8B71-BA284408F315}
		{521156F7-89FF-4B14-BE91-C47F6E08F2BD} = {EC649D9B-88BD-4C63-8B71-BA284408F315}
		{A1500002-2222-4222-8222-222222222222} = {EC649D9B-88BD-4C63-8B71-BA284408F315}
		{85FD9666-9890-4B4E-B79E-CC8F3C9EF76B} = {EC649D9B-88BD-4C63-8B71-BA284408F315}
		{7A3C1F52-0B6E-4D8A-9C21-5E4F6A7B8C9D} = {EC649D9B-88BD-4C63-8B71-BA284408F315}
		{6A8BB049-AE6F-4510-9C93-D8451672F90E} = {EC649D9B-88BD-4C63-8B71-BA284408F315}
		{D7231ECF-4DB2-4F06-A054-B94A8F79A262} = {5A2C4F09-4C4A-4E86-9E5C-1D4B62A0C398}
		{FFBECB23-804E-454F-8FF7-8BBCF318AD9D} = {07C2787E-EAC7-C090-1BA3-A61EC2A24D84}
		{50C6727B-997A-4D3C-BE7B-20C22CC08761} = {07C2787E-EAC7-C090-1BA3-A61EC2A24D84}
	EndGlobalSection
EndGlobal
